# THIS IS AN AUTOGENERATED FILE. DO NOT EDIT THIS FILE DIRECTLY.
# yarn lockfile v1


"@hapi/b64@4.x.x":
  version "4.2.1"
  resolved "https://registry.yarnpkg.com/@hapi/b64/-/b64-4.2.1.tgz#bf8418d7907c5e73463f2e3b5c6fca7e9f2a1357"
  integrity sha512-zqHpQuH5CBMw6hADzKfU/IGNrxq1Q+/wTYV+OiZRQN9F3tMyk+9BUMeBvFRMamduuqL8iSp62QAnJ+7ATiYLWA==
  dependencies:
    "@hapi/hoek" "8.x.x"

"@hapi/boom@7.x.x":
  version "7.4.11"
  resolved "https://registry.yarnpkg.com/@hapi/boom/-/boom-7.4.11.tgz#37af8417eb9416aef3367aa60fa04a1a9f1fc262"
  integrity sha512-VSU/Cnj1DXouukYxxkes4nNJonCnlogHvIff1v1RVoN4xzkKhMXX+GRmb3NyH1iar10I9WFPDv2JPwfH3GaV0A==
  dependencies:
    "@hapi/hoek" "8.x.x"

"@hapi/bounce@1.x.x":
  version "1.3.2"
  resolved "https://registry.yarnpkg.com/@hapi/bounce/-/bounce-1.3.2.tgz#3b096bb02f67de6115e6e4f0debc390be5a86bad"
  integrity sha512-3bnb1AlcEByFZnpDIidxQyw1Gds81z/1rSqlx4bIEE+wUN0ATj0D49B5cE1wGocy90Rp/de4tv7GjsKd5RQeew==
  dependencies:
    "@hapi/boom" "7.x.x"
    "@hapi/hoek" "^8.3.1"

"@hapi/cryptiles@4.x.x":
  version "4.2.1"
  resolved "https://registry.yarnpkg.com/@hapi/cryptiles/-/cryptiles-4.2.1.tgz#ff0f18d79074659838caedbb911851313ad1ffbc"
  integrity sha512-XoqgKsHK0l/VpqPs+tr6j6vE+VQ3+2bkF2stvttmc7xAOf1oSAwHcJ0tlp/6MxMysktt1IEY0Csy3khKaP9/uQ==
  dependencies:
    "@hapi/boom" "7.x.x"

"@hapi/hoek@8.x.x", "@hapi/hoek@^8.3.1":
  version "8.5.1"
  resolved "https://registry.yarnpkg.com/@hapi/hoek/-/hoek-8.5.1.tgz#fde96064ca446dec8c55a8c2f130957b070c6e06"
  integrity sha512-yN7kbciD87WzLGc5539Tn0sApjyiGHAJgKvG9W8C7O+6c7qmoQMfVs0W4bX17eqz6C78QJqqFrtgdK5EWf6Qow==

"@hapi/sntp@3.x.x":
  version "3.1.2"
  resolved "https://registry.yarnpkg.com/@hapi/sntp/-/sntp-3.1.2.tgz#e7d8d64e50625a43f2cb712f8fa6aa40fa955c78"
  integrity sha512-i2UehKbFPKtKVXhp4v7wV3qJxkGV2TAPlZ5YSpmsqv/2eygXYYI+etBJ5r4T8kbyslhxgqQyHNS6xstL92Vmrg==
  dependencies:
    "@hapi/boom" "7.x.x"
    "@hapi/bounce" "1.x.x"
    "@hapi/hoek" "8.x.x"
    "@hapi/teamwork" "3.x.x"

"@hapi/teamwork@3.x.x":
  version "3.3.1"
  resolved "https://registry.yarnpkg.com/@hapi/teamwork/-/teamwork-3.3.1.tgz#b52d0ec48682dc793926bd432e22ceb19c915d3f"
  integrity sha512-61tiqWCYvMKP7fCTXy0M4VE6uNIwA0qvgFoiDubgfj7uqJ0fdHJFQNnVPGrxhLWlwz0uBPWrQlBH7r8y9vFITQ==

bower@^1.8.8:
  version "1.8.12"
  resolved "https://registry.yarnpkg.com/bower/-/bower-1.8.12.tgz#44cfca2a5e04b8d9a066621e24c8b179d8ac321e"
  integrity sha512-u1xy9SrwwoPlgjuHNjhV+YUPVdqyBj2ALBxuzeIUKXaPI2i2xypGgxqXkuHcITGdi5yBj5JuXgyMvgiWiS1S3Q==

fastclick@ftlabs/fastclick#1.0.6:
  version "1.0.6"
  resolved "https://codeload.github.com/ftlabs/fastclick/tar.gz/9977a916739360ad4ffd7aa19b0016bf375e934b"

foundation@zurb/bower-foundation#5.5.2:
  version "5.5.2"
  resolved "https://codeload.github.com/zurb/bower-foundation/tar.gz/9bad0646cb1c41d230e79ffe381491b7f703fc52"

fuzzysearch@^1.0.3:
  version "1.0.3"
  resolved "https://registry.yarnpkg.com/fuzzysearch/-/fuzzysearch-1.0.3.tgz#dffc80f6d6b04223f2226aa79dd194231096d008"
  integrity sha1-3/yA9tawQiPyImqnndGUIxCW0Ag=

gist-async@razor-x/gist-async#2.0.2:
  version "2.0.2"
  resolved "https://codeload.github.com/razor-x/gist-async/tar.gz/8e5314e106a23cf4925d7265a37517d1f017c008"

hawk@^7.0.10:
  version "7.1.2"
  resolved "https://registry.yarnpkg.com/hawk/-/hawk-7.1.2.tgz#559c9be58be7d3c6869a62ef66c813bf17b82376"
  integrity sha512-Pa8cMp2f/pFUF9B7cJuBHrF8PYPQmVXe2CfxyrgUmmfRNHMHuQOBpIFHk/eCFrHLVqLlAf2kU7BRxks7814TmA==
  dependencies:
    "@hapi/b64" "4.x.x"
    "@hapi/boom" "7.x.x"
    "@hapi/cryptiles" "4.x.x"
    "@hapi/hoek" "8.x.x"
    "@hapi/sntp" "3.x.x"

headjs@headjs/headjs#1.0.3:
  version "1.0.3"
  resolved "https://codeload.github.com/headjs/headjs/tar.gz/edc8427191a633d80e7372c49e6d28a098be766f"

highlightjs@components/highlightjs#8.8.0:
  version "0.0.0"
  resolved "https://codeload.github.com/components/highlightjs/tar.gz/950ac24569cbadfd82fd4fe2a7b60e5fbd14fef6"

hoek@^6.1.3:
  version "6.1.3"
  resolved "https://registry.yarnpkg.com/hoek/-/hoek-6.1.3.tgz#73b7d33952e01fe27a38b0457294b79dd8da242c"
  integrity sha512-YXXAAhmF9zpQbC7LEcREFtXfGq5K1fmd+4PHkBq8NUqmzW3G+Dq10bI/i0KucLRwss3YYFQ0fSfoxBZYiGUqtQ==

jquery-placeholder@mathiasbynens/jquery-placeholder#~2.0.7:
  version "0.0.0"
  resolved "https://codeload.github.com/mathiasbynens/jquery-placeholder/tar.gz/510a577397713934b46ccaceaa7ecc558cff313a"

jquery.cookie@carhartl/jquery-cookie#~1.4.0:
  version "1.4.1"
  resolved "https://codeload.github.com/carhartl/jquery-cookie/tar.gz/7f88a4e631aba8a8c688fd8999ce6b9bcfd50718"

jquery@jquery/jquery-dist#^3.0.0:
  version "3.6.0"
  resolved "https://codeload.github.com/jquery/jquery-dist/tar.gz/e786e3d9707ffd9b0dd330ca135b66344dcef85a"

modernizr@Modernizr/Modernizr#2.8.3:
  version "0.0.0"
  resolved "https://codeload.github.com/Modernizr/Modernizr/tar.gz/d6bb30c0f12ebb3ddd01e90b0bf435e1c34e6f11"

normalize-css@necolas/normalize.css#3.0.3:
  version "3.0.3"
  resolved "https://codeload.github.com/necolas/normalize.css/tar.gz/2bdda84272650aedfb45d8abe11a6d177933a803"

picturefill@scottjehl/picturefill#2.3.1:
  version "2.3.1"
  resolved "https://codeload.github.com/scottjehl/picturefill/tar.gz/4e6db73fea78124092be5ba424d053a008a92a6b"

simple-jekyll-search@christian-fei/Simple-Jekyll-Search#^1.7.2:
  version "1.9.1"
  resolved "https://codeload.github.com/christian-fei/Simple-Jekyll-Search/tar.gz/67a9d73a56a9e2c186b7083ccabf9afcde1ba146"
  dependencies:
    fuzzysearch "^1.0.3"

webfontloader@typekit/webfontloader#1.6.6:
  version "1.6.6"
  resolved "https://codeload.github.com/typekit/webfontloader/tar.gz/f804211f044b4fe07a2654f2ee1d14e4bce63316"
